
Microsoft Visual Studio Solution File, Format Version 12.00
# Visual Studio Version 17
VisualStudioVersion = 17.14.36623.8 d17.14
MinimumVisualStudioVersion = 10.0.40219.1
Project("{FAE04EC0-301F-11D3-BF4B-00C04F79EFBC}") = "WindowsFormsApp1", "WindowsFormsApp1.csproj", "{C55875FF-E41C-438B-B925-500EDA7F2064}"
EndProject
Global
	GlobalSection(SolutionConfigurationPlatforms) = preSolution
		Debug|Any CPU = Debug|Any CPU
		Release|Any CPU = Release|Any CPU
	EndGlobalSection
	GlobalSection(ProjectConfigurationPlatforms) = postSolution
		{C55875FF-E41C-438B-B925-500EDA7F2064}.Debug|Any CPU.ActiveCfg = Debug|Any CPU
		{C55875FF-E41C-438B-B925-500EDA7F2064}.Debug|Any CPU.Build.0 = Debug|Any CPU
		{C55875FF-E41C-438B-B925-500EDA7F2064}.Release|Any CPU.ActiveCfg = Release|Any CPU
		{C55875FF-E41C-438B-B925-500EDA7F2064}.Release|Any CPU.Build.0 = Release|Any CPU
	EndGlobalSection
	GlobalSection(SolutionProperties) = preSolution
		HideSolutionNode = FALSE
	EndGlobalSection
	GlobalSection(ExtensibilityGlobals) = postSolution
		SolutionGuid = {AA291329-B95E-4BFA-9C72-3C04B9C4507B}
	EndGlobalSection
EndGlobal
